// !$*UTF8*$!
{
	archiveVersion = 1;
	classes = {
	};
	objectVersion = 56;
	objects = {

/* Begin PBXBuildFile section */
		A1000001233E000000000001 /* WinUSBCreatorApp.swift in Sources */ = {isa = PBXBuildFile; fileRef = A1000002233E000000000001 /* WinUSBCreatorApp.swift */; };
		A1000003233E000000000001 /* ContentView.swift in Sources */ = {isa = PBXBuildFile; fileRef = A1000004233E000000000001 /* ContentView.swift */; };
		A1000005233E000000000001 /* Assets.xcassets in Resources */ = {isa = PBXBuildFile; fileRef = A1000006233E000000000001 /* Assets.xcassets */; };
		A1000007233E000000000001 /* USBService.swift in Sources */ = {isa = PBXBuildFile; fileRef = A1000008233E000000000001 /* USBService.swift */; };
		A1000009233E000000000001 /* DiskUtility.swift in Sources */ = {isa = PBXBuildFile; fileRef = A100000A233E000000000001 /* DiskUtility.swift */; };
		A100000B233E000000000001 /* ISOService.swift in Sources */ = {isa = PBXBuildFile; fileRef = A100000C233E000000000001 /* ISOService.swift */; };
		A100000D233E000000000001 /* Models.swift in Sources */ = {isa = PBXBuildFile; fileRef = A100000E233E000000000001 /* Models.swift */; };
		A100000F233E000000000001 /* StepViews.swift in Sources */ = {isa = PBXBuildFile; fileRef = A1000010233E000000000001 /* StepViews.swift */; };
		A1000011233E000000000001 /* ProgressView.swift in Sources */ = {isa = PBXBuildFile; fileRef = A1000012233E000000000001 /* ProgressView.swift */; };
/* End PBXBuildFile section */

/* Begin PBXFileReference section */
		A1000000233E000000000000 /* WinUSBCreator.app */ = {isa = PBXFileReference; explicitFileType = wrapper.application; includeInIndex = 0; path = WinUSBCreator.app; sourceTree = BUILT_PRODUCTS_DIR; };
		A1000002233E000000000001 /* WinUSBCreatorApp.swift */ = {isa = PBXFileReference; lastKnownFileType = sourcecode.swift; path = WinUSBCreatorApp.swift; sourceTree = "<group>"; };
		A1000004233E000000000001 /* ContentView.swift */ = {isa = PBXFileReference; lastKnownFileType = sourcecode.swift; path = ContentView.swift; sourceTree = "<group>"; };
		A1000006233E000000000001 /* Assets.xcassets */ = {isa = PBXFileReference; lastKnownFileType = folder.assetcatalog; path = Assets.xcassets; sourceTree = "<group>"; };
		A1000008233E000000000001 /* USBService.swift */ = {isa = PBXFileReference; lastKnownFileType = sourcecode.swift; path = USBService.swift; sourceTree = "<group>"; };
		A100000A233E000000000001 /* DiskUtility.swift */ = {isa = PBXFileReference; lastKnownFileType = sourcecode.swift; path = DiskUtility.swift; sourceTree = "<group>"; };
		A100000C233E000000000001 /* ISOService.swift */ = {isa = PBXFileReference; lastKnownFileType = sourcecode.swift; path = ISOService.swift; sourceTree = "<group>"; };
		A100000E233E000000000001 /* Models.swift */ = {isa = PBXFileReference; lastKnownFileType = sourcecode.swift; path = Models.swift; sourceTree = "<group>"; };
		A1000010233E000000000001 /* StepViews.swift */ = {isa = PBXFileReference; lastKnownFileType = sourcecode.swift; path = StepViews.swift; sourceTree = "<group>"; };
		A1000012233E000000000001 /* ProgressView.swift */ = {isa = PBXFileReference; lastKnownFileType = sourcecode.swift; path = ProgressView.swift; sourceTree = "<group>"; };
		A1000014233E000000000001 /* WinUSBCreator.entitlements */ = {isa = PBXFileReference; lastKnownFileType = text.plist.entitlements; path = WinUSBCreator.entitlements; sourceTree = "<group>"; };
/* End PBXFileReference section */

/* Begin PBXFrameworksBuildPhase section */
		A10000F0233E000000000000 /* Frameworks */ = {
			isa = PBXFrameworksBuildPhase;
			buildActionMask = 2147483647;
			files = (
			);
			runOnlyForDeploymentPostprocessing = 0;
		};
/* End PBXFrameworksBuildPhase section */

/* Begin PBXGroup section */
		A10000E0233E000000000000 = {
			isa = PBXGroup;
			children = (
				A10000E1233E000000000000 /* WinUSBCreator */,
				A10000E2233E000000000000 /* Products */,
			);
			sourceTree = "<group>";
		};
		A10000E1233E000000000000 /* WinUSBCreator */ = {
			isa = PBXGroup;
			children = (
				A1000002233E000000000001 /* WinUSBCreatorApp.swift */,
				A1000004233E000000000001 /* ContentView.swift */,
				A1000010233E000000000001 /* StepViews.swift */,
				A1000012233E000000000001 /* ProgressView.swift */,
				A10000E3233E000000000000 /* Services */,
				A100000E233E000000000001 /* Models.swift */,
				A1000006233E000000000001 /* Assets.xcassets */,
				A1000014233E000000000001 /* WinUSBCreator.entitlements */,
			);
			path = WinUSBCreator;
			sourceTree = "<group>";
		};
		A10000E2233E000000000000 /* Products */ = {
			isa = PBXGroup;
			children = (
				A1000000233E000000000000 /* WinUSBCreator.app */,
			);
			name = Products;
			sourceTree = "<group>";
		};
		A10000E3233E000000000000 /* Services */ = {
			isa = PBXGroup;
			children = (
				A1000008233E000000000001 /* USBService.swift */,
				A100000A233E000000000001 /* DiskUtility.swift */,
				A100000C233E000000000001 /* ISOService.swift */,
			);
			path = Services;
			sourceTree = "<group>";
		};
/* End PBXGroup section */

/* Begin PBXNativeTarget section */
		A10000A0233E000000000000 /* WinUSBCreator */ = {
			isa = PBXNativeTarget;
			buildConfigurationList = A10000B0233E000000000000 /* Build configuration list for PBXNativeTarget "WinUSBCreator" */;
			buildPhases = (
				A10000D0233E000000000000 /* Sources */,
				A10000F0233E000000000000 /* Frameworks */,
				A1000100233E000000000000 /* Resources */,
			);
			buildRules = (
			);
			dependencies = (
			);
			name = WinUSBCreator;
			productName = WinUSBCreator;
			productReference = A1000000233E000000000000 /* WinUSBCreator.app */;
			productType = "com.apple.product-type.application";
		};
/* End PBXNativeTarget section */

/* Begin PBXProject section */
		A1000090233E000000000000 /* Project object */ = {
			isa = PBXProject;
			attributes = {
				BuildIndependentTargetsInParallel = 1;
				LastSwiftUpdateCheck = 1400;
				LastUpgradeCheck = 2620;
				TargetAttributes = {
					A10000A0233E000000000000 = {
						CreatedOnToolsVersion = 14.0;
					};
				};
			};
			buildConfigurationList = A1000091233E000000000000 /* Build configuration list for PBXProject "WinUSBCreator" */;
			compatibilityVersion = "Xcode 14.0";
			developmentRegion = en;
			hasScannedForEncodings = 0;
			knownRegions = (
				en,
				Base,
			);
			mainGroup = A10000E0233E000000000000;
			productRefGroup = A10000E2233E000000000000 /* Products */;
			projectDirPath = "";
			projectRoot = "";
			targets = (
				A10000A0233E000000000000 /* WinUSBCreator */,
			);
		};
/* End PBXProject section */

/* Begin PBXResourcesBuildPhase section */
		A1000100233E000000000000 /* Resources */ = {
			isa = PBXResourcesBuildPhase;
			buildActionMask = 2147483647;
			files = (
				A1000005233E000000000001 /* Assets.xcassets in Resources */,
			);
			runOnlyForDeploymentPostprocessing = 0;
		};
/* End PBXResourcesBuildPhase section */

/* Begin PBXSourcesBuildPhase section */
		A10000D0233E000000000000 /* Sources */ = {
			isa = PBXSourcesBuildPhase;
			buildActionMask = 2147483647;
			files = (
				A1000001233E000000000001 /* WinUSBCreatorApp.swift in Sources */,
				A1000003233E000000000001 /* ContentView.swift in Sources */,
				A1000007233E000000000001 /* USBService.swift in Sources */,
				A1000009233E000000000001 /* DiskUtility.swift in Sources */,
				A100000B233E000000000001 /* ISOService.swift in Sources */,
				A100000D233E000000000001 /* Models.swift in Sources */,
				A100000F233E000000000001 /* StepViews.swift in Sources */,
				A1000011233E000000000001 /* ProgressView.swift in Sources */,
			);
			runOnlyForDeploymentPostprocessing = 0;
		};
/* End PBXSourcesBuildPhase section */

/* Begin XCBuildConfiguration section */
		A1000092233E000000000000 /* Debug */ = {
			isa = XCBuildConfiguration;
			buildSettings = {
				ALWAYS_SEARCH_USER_PATHS = NO;
				CLANG_ANALYZER_NONNULL = YES;
				CLANG_ANALYZER_NUMBER_OBJECT_CONVERSION = YES_AGGRESSIVE;
				CLANG_CXX_LANGUAGE_STANDARD = "gnu++20";
				CLANG_ENABLE_MODULES = YES;
				CLANG_ENABLE_OBJC_ARC = YES;
				CLANG_ENABLE_OBJC_WEAK = YES;
				CLANG_WARN_BLOCK_CAPTURE_AUTORELEASING = YES;
				CLANG_WARN_BOOL_CONVERSION = YES;
				CLANG_WARN_COMMA = YES;
				CLANG_WARN_CONSTANT_CONVERSION = YES;
				CLANG_WARN_DEPRECATED_OBJC_IMPLEMENTATIONS = YES;
				CLANG_WARN_DIRECT_OBJC_ISA_USAGE = YES_ERROR;
				CLANG_WARN_DOCUMENTATION_COMMENTS = YES;
				CLANG_WARN_EMPTY_BODY = YES;
				CLANG_WARN_ENUM_CONVERSION = YES;
				CLANG_WARN_INFINITE_RECURSION = YES;
				CLANG_WARN_INT_CONVERSION = YES;
				CLANG_WARN_NON_LITERAL_NULL_CONVERSION = YES;
				CLANG_WARN_OBJC_IMPLICIT_RETAIN_SELF = YES;
				CLANG_WARN_OBJC_LITERAL_CONVERSION = YES;
				CLANG_WARN_OBJC_ROOT_CLASS = YES_ERROR;
				CLANG_WARN_QUOTED_INCLUDE_IN_FRAMEWORK_HEADER = YES;
				CLANG_WARN_RANGE_LOOP_ANALYSIS = YES;
				CLANG_WARN_STRICT_PROTOTYPES = YES;
				CLANG_WARN_SUSPICIOUS_MOVE = YES;
				CLANG_WARN_UNGUARDED_AVAILABILITY = YES_AGGRESSIVE;
				CLANG_WARN_UNREACHABLE_CODE = YES;
				CLANG_WARN__DUPLICATE_METHOD_MATCH = YES;
				COPY_PHASE_STRIP = NO;
				DEAD_CODE_STRIPPING = YES;
				DEBUG_INFORMATION_FORMAT = dwarf;
				DEVELOPMENT_TEAM = WR39LMY95N;
				ENABLE_STRICT_OBJC_MSGSEND = YES;
				ENABLE_TESTABILITY = YES;
				ENABLE_USER_SCRIPT_SANDBOXING = YES;
				GCC_C_LANGUAGE_STANDARD = gnu11;
				GCC_DYNAMIC_NO_PIC = NO;
				GCC_NO_COMMON_BLOCKS = YES;
				GCC_OPTIMIZATION_LEVEL = 0;
				GCC_PREPROCESSOR_DEFINITIONS = (
					"DEBUG=1",
					"$(inherited)",
				);
				GCC_WARN_64_TO_32_BIT_CONVERSION = YES;
				GCC_WARN_ABOUT_RETURN_TYPE = YES_ERROR;
				GCC_WARN_UNDECLARED_SELECTOR = YES;
				GCC_WARN_UNINITIALIZED_AUTOS = YES_AGGRESSIVE;
				GCC_WARN_UNUSED_FUNCTION = YES;
				GCC_WARN_UNUSED_VARIABLE = YES;
				MACOSX_DEPLOYMENT_TARGET = 13.0;
				MTL_ENABLE_DEBUG_INFO = INCLUDE_SOURCE;
				MTL_FAST_MATH = YES;
				ONLY_ACTIVE_ARCH = YES;
				SDKROOT = macosx;
				STRING_CATALOG_GENERATE_SYMBOLS = YES;
				SWIFT_ACTIVE_COMPILATION_CONDITIONS = DEBUG;
				SWIFT_OPTIMIZATION_LEVEL = "-Onone";
			};
			name = Debug;
		};
		A1000093233E000000000000 /* Release */ = {
			isa = XCBuildConfiguration;
			buildSettings = {
				ALWAYS_SEARCH_USER_PATHS = NO;
				CLANG_ANALYZER_NONNULL = YES;
				CLANG_ANALYZER_NUMBER_OBJECT_CONVERSION = YES_AGGRESSIVE;
				CLANG_CXX_LANGUAGE_STANDARD = "gnu++20";
				CLANG_ENABLE_MODULES = YES;
				CLANG_ENABLE_OBJC_ARC = YES;
				CLANG_ENABLE_OBJC_WEAK = YES;
				CLANG_WARN_BLOCK_CAPTURE_AUTORELEASING = YES;
				CLANG_WARN_BOOL_CONVERSION = YES;
				CLANG_WARN_COMMA = YES;
				CLANG_WARN_CONSTANT_CONVERSION = YES;
				CLANG_WARN_DEPRECATED_OBJC_IMPLEMENTATIONS = YES;
				CLANG_WARN_DIRECT_OBJC_ISA_USAGE = YES_ERROR;
				CLANG_WARN_DOCUMENTATION_COMMENTS = YES;
				CLANG_WARN_EMPTY_BODY = YES;
				CLANG_WARN_ENUM_CONVERSION = YES;
				CLANG_WARN_INFINITE_RECURSION = YES;
				CLANG_WARN_INT_CONVERSION = YES;
				CLANG_WARN_NON_LITERAL_NULL_CONVERSION = YES;
				CLANG_WARN_OBJC_IMPLICIT_RETAIN_SELF = YES;
				CLANG_WARN_OBJC_LITERAL_CONVERSION = YES;
				CLANG_WARN_OBJC_ROOT_CLASS = YES_ERROR;
				CLANG_WARN_QUOTED_INCLUDE_IN_FRAMEWORK_HEADER = YES;
				CLANG_WARN_RANGE_LOOP_ANALYSIS = YES;
				CLANG_WARN_STRICT_PROTOTYPES = YES;
				CLANG_WARN_SUSPICIOUS_MOVE = YES;
				CLANG_WARN_UNGUARDED_AVAILABILITY = YES_AGGRESSIVE;
				CLANG_WARN_UNREACHABLE_CODE = YES;
				CLANG_WARN__DUPLICATE_METHOD_MATCH = YES;
				COPY_PHASE_STRIP = NO;
				DEAD_CODE_STRIPPING = YES;
				DEBUG_INFORMATION_FORMAT = "dwarf-with-dsym";
				DEVELOPMENT_TEAM = WR39LMY95N;
				ENABLE_NS_ASSERTIONS = NO;
				ENABLE_STRICT_OBJC_MSGSEND = YES;
				ENABLE_USER_SCRIPT_SANDBOXING = YES;
				GCC_C_LANGUAGE_STANDARD = gnu11;
				GCC_NO_COMMON_BLOCKS = YES;
				GCC_WARN_64_TO_32_BIT_CONVERSION = YES;
				GCC_WARN_ABOUT_RETURN_TYPE = YES_ERROR;
				GCC_WARN_UNDECLARED_SELECTOR = YES;
				GCC_WARN_UNINITIALIZED_AUTOS = YES_AGGRESSIVE;
				GCC_WARN_UNUSED_FUNCTION = YES;
				GCC_WARN_UNUSED_VARIABLE = YES;
				MACOSX_DEPLOYMENT_TARGET = 13.0;
				MTL_ENABLE_DEBUG_INFO = NO;
				MTL_FAST_MATH = YES;
				SDKROOT = macosx;
				STRING_CATALOG_GENERATE_SYMBOLS = YES;
				SWIFT_COMPILATION_MODE = wholemodule;
				SWIFT_OPTIMIZATION_LEVEL = "-O";
			};
			name = Release;
		};
		A10000B1233E000000000000 /* Debug */ = {
			isa = XCBuildConfiguration;
			buildSettings = {
				ASSETCATALOG_COMPILER_APPICON_NAME = AppIcon;
				ASSETCATALOG_COMPILER_GLOBAL_ACCENT_COLOR_NAME = AccentColor;
				CODE_SIGN_ALLOW_ENTITLEMENTS_MODIFICATION = YES;
				CODE_SIGN_ENTITLEMENTS = WinUSBCreator/WinUSBCreator.entitlements;
				CODE_SIGN_STYLE = Automatic;
				COMBINE_HIDPI_IMAGES = YES;
				CURRENT_PROJECT_VERSION = 1;
				DEAD_CODE_STRIPPING = YES;
				DEVELOPMENT_ASSET_PATHS = "";
				ENABLE_APP_SANDBOX = NO;
				ENABLE_HARDENED_RUNTIME = NO;
				ENABLE_PREVIEWS = YES;
				GENERATE_INFOPLIST_FILE = YES;
				INFOPLIST_KEY_LSApplicationCategoryType = "public.app-category.utilities";
				INFOPLIST_KEY_NSHumanReadableCopyright = "";
				LD_RUNPATH_SEARCH_PATHS = (
					"$(inherited)",
					"@executable_path/../Frameworks",
				);
				MARKETING_VERSION = 1.0;
				PRODUCT_BUNDLE_IDENTIFIER = com.example.WinUSBCreator;
				PRODUCT_NAME = "$(TARGET_NAME)";
				SWIFT_EMIT_LOC_STRINGS = YES;
				SWIFT_VERSION = 5.0;
			};
			name = Debug;
		};
		A10000B2233E000000000000 /* Release */ = {
			isa = XCBuildConfiguration;
			buildSettings = {
				ASSETCATALOG_COMPILER_APPICON_NAME = AppIcon;
				ASSETCATALOG_COMPILER_GLOBAL_ACCENT_COLOR_NAME = AccentColor;
				CODE_SIGN_ALLOW_ENTITLEMENTS_MODIFICATION = YES;
				CODE_SIGN_ENTITLEMENTS = WinUSBCreator/WinUSBCreator.entitlements;
				CODE_SIGN_STYLE = Automatic;
				COMBINE_HIDPI_IMAGES = YES;
				CURRENT_PROJECT_VERSION = 1;
				DEAD_CODE_STRIPPING = YES;
				DEVELOPMENT_ASSET_PATHS = "";
				ENABLE_APP_SANDBOX = NO;
				ENABLE_HARDENED_RUNTIME = NO;
				ENABLE_PREVIEWS = YES;
				GENERATE_INFOPLIST_FILE = YES;
				INFOPLIST_KEY_LSApplicationCategoryType = "public.app-category.utilities";
				INFOPLIST_KEY_NSHumanReadableCopyright = "";
				LD_RUNPATH_SEARCH_PATHS = (
					"$(inherited)",
					"@executable_path/../Frameworks",
				);
				MARKETING_VERSION = 1.0;
				PRODUCT_BUNDLE_IDENTIFIER = com.example.WinUSBCreator;
				PRODUCT_NAME = "$(TARGET_NAME)";
				SWIFT_EMIT_LOC_STRINGS = YES;
				SWIFT_VERSION = 5.0;
			};
			name = Release;
		};
/* End XCBuildConfiguration section */

/* Begin XCConfigurationList section */
		A1000091233E000000000000 /* Build configuration list for PBXProject "WinUSBCreator" */ = {
			isa = XCConfigurationList;
			buildConfigurations = (
				A1000092233E000000000000 /* Debug */,
				A1000093233E000000000000 /* Release */,
			);
			defaultConfigurationIsVisible = 0;
			defaultConfigurationName = Release;
		};
		A10000B0233E000000000000 /* Build configuration list for PBXNativeTarget "WinUSBCreator" */ = {
			isa = XCConfigurationList;
			buildConfigurations = (
				A10000B1233E000000000000 /* Debug */,
				A10000B2233E000000000000 /* Release */,
			);
			defaultConfigurationIsVisible = 0;
			defaultConfigurationName = Release;
		};
/* End XCConfigurationList section */
	};
	rootObject = A1000090233E000000000000 /* Project object */;
}
